// !$*UTF8*$!
{
	archiveVersion = 1;
	classes = {
	};
	objectVersion = 46;
	objects = {

/* Begin PBXBuildFile section */
		1D7A396614D7C730568A44C8 /* libPods.a in Frameworks */ = {isa = PBXBuildFile; fileRef = 265FD4B11B37B1659CEF762A /* libPods.a */; };
		24123FCB1D07F65000E96B55 /* CopyConnection.framework in Frameworks */ = {isa = PBXBuildFile; fileRef = 24123F9D1D07F65000E96B55 /* CopyConnection.framework */; };
		24123FCC1D07F65000E96B55 /* MailConnection.framework in Frameworks */ = {isa = PBXBuildFile; fileRef = 24123F9E1D07F65000E96B55 /* MailConnection.framework */; };
		24123FCD1D07F65000E96B55 /* QQConnection.framework in Frameworks */ = {isa = PBXBuildFile; fileRef = 24123F9F1D07F65000E96B55 /* QQConnection.framework */; };
		24123FCE1D07F65000E96B55 /* QZoneConnection.framework in Frameworks */ = {isa = PBXBuildFile; fileRef = 24123FA01D07F65000E96B55 /* QZoneConnection.framework */; };
		24123FCF1D07F65000E96B55 /* SinaWeiboConnection.framework in Frameworks */ = {isa = PBXBuildFile; fileRef = 24123FA11D07F65000E96B55 /* SinaWeiboConnection.framework */; };
		24123FD01D07F65000E96B55 /* SMSConnection.framework in Frameworks */ = {isa = PBXBuildFile; fileRef = 24123FA21D07F65000E96B55 /* SMSConnection.framework */; };
		24123FD11D07F65000E96B55 /* WeChatConnection.framework in Frameworks */ = {isa = PBXBuildFile; fileRef = 24123FA31D07F65000E96B55 /* WeChatConnection.framework */; };
		24123FD21D07F65000E96B55 /* AGCommon.framework in Frameworks */ = {isa = PBXBuildFile; fileRef = 24123FA51D07F65000E96B55 /* AGCommon.framework */; };
		24123FD31D07F65000E96B55 /* ShareSDKLocalizable.strings in Resources */ = {isa = PBXBuildFile; fileRef = 24123FA61D07F65000E96B55 /* ShareSDKLocalizable.strings */; };
		24123FD41D07F65000E96B55 /* MOBFoundation.framework in Frameworks */ = {isa = PBXBuildFile; fileRef = 24123FA81D07F65000E96B55 /* MOBFoundation.framework */; };
		24123FD51D07F65000E96B55 /* Resource.bundle in Resources */ = {isa = PBXBuildFile; fileRef = 24123FA91D07F65000E96B55 /* Resource.bundle */; };
		24123FD61D07F65000E96B55 /* ShareSDKCoreService.framework in Frameworks */ = {isa = PBXBuildFile; fileRef = 24123FAA1D07F65000E96B55 /* ShareSDKCoreService.framework */; };
		24123FD71D07F65000E96B55 /* TencentOpenAPI.framework in Frameworks */ = {isa = PBXBuildFile; fileRef = 24123FAE1D07F65000E96B55 /* TencentOpenAPI.framework */; };
		24123FD81D07F65000E96B55 /* TencentOpenApi_IOS_Bundle.bundle in Resources */ = {isa = PBXBuildFile; fileRef = 24123FAF1D07F65000E96B55 /* TencentOpenApi_IOS_Bundle.bundle */; };
		24123FD91D07F65000E96B55 /* libWeiboSDK.a in Frameworks */ = {isa = PBXBuildFile; fileRef = 24123FB11D07F65000E96B55 /* libWeiboSDK.a */; };
		24123FDA1D07F65000E96B55 /* WeiboSDK.bundle in Resources */ = {isa = PBXBuildFile; fileRef = 24123FBA1D07F65000E96B55 /* WeiboSDK.bundle */; };
		24123FDB1D07F65000E96B55 /* libWeChatSDK.a in Frameworks */ = {isa = PBXBuildFile; fileRef = 24123FBE1D07F65000E96B55 /* libWeChatSDK.a */; };
		24123FDC1D07F65000E96B55 /* ShareSDK.framework in Frameworks */ = {isa = PBXBuildFile; fileRef = 24123FC11D07F65000E96B55 /* ShareSDK.framework */; };
		24123FDD1D07F65000E96B55 /* ShareSDKFlatShareViewUI.bundle in Resources */ = {isa = PBXBuildFile; fileRef = 24123FC31D07F65000E96B55 /* ShareSDKFlatShareViewUI.bundle */; };
		24123FDE1D07F65000E96B55 /* ShareSDKFlatShareViewUI.framework in Frameworks */ = {isa = PBXBuildFile; fileRef = 24123FC41D07F65000E96B55 /* ShareSDKFlatShareViewUI.framework */; };
		24123FDF1D07F65000E96B55 /* ShareSDKiPhoneAppRecommendShareViewUI.framework in Frameworks */ = {isa = PBXBuildFile; fileRef = 24123FC51D07F65000E96B55 /* ShareSDKiPhoneAppRecommendShareViewUI.framework */; };
		24123FE01D07F65000E96B55 /* ShareSDKiPhoneDefaultShareViewUI.bundle in Resources */ = {isa = PBXBuildFile; fileRef = 24123FC61D07F65000E96B55 /* ShareSDKiPhoneDefaultShareViewUI.bundle */; };
		24123FE11D07F65000E96B55 /* ShareSDKiPhoneDefaultShareViewUI.framework in Frameworks */ = {isa = PBXBuildFile; fileRef = 24123FC71D07F65000E96B55 /* ShareSDKiPhoneDefaultShareViewUI.framework */; };
		24123FE21D07F65000E96B55 /* ShareSDKiPhoneSimpleShareViewUI.bundle in Resources */ = {isa = PBXBuildFile; fileRef = 24123FC81D07F65000E96B55 /* ShareSDKiPhoneSimpleShareViewUI.bundle */; };
		24123FE31D07F65000E96B55 /* ShareSDKiPhoneSimpleShareViewUI.framework in Frameworks */ = {isa = PBXBuildFile; fileRef = 24123FC91D07F65000E96B55 /* ShareSDKiPhoneSimpleShareViewUI.framework */; };
		24123FE41D07F65000E96B55 /* ShareSDKShareActionSheet.framework in Frameworks */ = {isa = PBXBuildFile; fileRef = 24123FCA1D07F65000E96B55 /* ShareSDKShareActionSheet.framework */; };
		24123FE61D081A9D00E96B55 /* libicucore.tbd in Frameworks */ = {isa = PBXBuildFile; fileRef = 24123FE51D081A9D00E96B55 /* libicucore.tbd */; };
		24123FE81D081AAA00E96B55 /* libz.tbd in Frameworks */ = {isa = PBXBuildFile; fileRef = 24123FE71D081AAA00E96B55 /* libz.tbd */; };
		24123FEA1D081AB600E96B55 /* libstdc++.tbd in Frameworks */ = {isa = PBXBuildFile; fileRef = 24123FE91D081AB600E96B55 /* libstdc++.tbd */; };
		24123FEC1D081ABF00E96B55 /* JavaScriptCore.framework in Frameworks */ = {isa = PBXBuildFile; fileRef = 24123FEB1D081ABF00E96B55 /* JavaScriptCore.framework */; };
		24123FEE1D081ACD00E96B55 /* ImageIO.framework in Frameworks */ = {isa = PBXBuildFile; fileRef = 24123FED1D081ACD00E96B55 /* ImageIO.framework */; };
		24123FF01D081ADB00E96B55 /* libsqlite3.tbd in Frameworks */ = {isa = PBXBuildFile; fileRef = 24123FEF1D081ADB00E96B55 /* libsqlite3.tbd */; };
		241638151CF45DF1007524EE /* WXArticleVC.m in Sources */ = {isa = PBXBuildFile; fileRef = 241638141CF45DF1007524EE /* WXArticleVC.m */; };
		241F16FF1CB65C0900EADF63 /* JokeContentResponse.m in Sources */ = {isa = PBXBuildFile; fileRef = 241F16FE1CB65C0900EADF63 /* JokeContentResponse.m */; };
		241F17031CB664A400EADF63 /* BaseTableViewCell.m in Sources */ = {isa = PBXBuildFile; fileRef = 241F17021CB664A400EADF63 /* BaseTableViewCell.m */; };
		241F17091CB6656500EADF63 /* ContentTVCell.m in Sources */ = {isa = PBXBuildFile; fileRef = 241F17081CB6656500EADF63 /* ContentTVCell.m */; };
		241F170D1CB66BFA00EADF63 /* UILabel+StringFrame.m in Sources */ = {isa = PBXBuildFile; fileRef = 241F170C1CB66BFA00EADF63 /* UILabel+StringFrame.m */; };
		242F96621CB3BD150053FDB8 /* JBaseVC.m in Sources */ = {isa = PBXBuildFile; fileRef = 242F96611CB3BD140053FDB8 /* JBaseVC.m */; };
		242F96671CB3BF840053FDB8 /* WJAFNetAPIClient.m in Sources */ = {isa = PBXBuildFile; fileRef = 242F96641CB3BF840053FDB8 /* WJAFNetAPIClient.m */; };
		242F96681CB3BF840053FDB8 /* WJConstants.m in Sources */ = {isa = PBXBuildFile; fileRef = 242F96661CB3BF840053FDB8 /* WJConstants.m */; };
		242F966C1CB3BFF00053FDB8 /* WJDataRequest.m in Sources */ = {isa = PBXBuildFile; fileRef = 242F966B1CB3BFF00053FDB8 /* WJDataRequest.m */; };
		242F96701CB3C02D0053FDB8 /* WJBaseModel.m in Sources */ = {isa = PBXBuildFile; fileRef = 242F966F1CB3C02D0053FDB8 /* WJBaseModel.m */; };
		2433E1751D767992000F4F45 /* HYWaWaZhuanJ.ttf in Resources */ = {isa = PBXBuildFile; fileRef = 2433E1721D767992000F4F45 /* HYWaWaZhuanJ.ttf */; };
		2433E1761D767992000F4F45 /* PTSwimWolfBody.ttf in Resources */ = {isa = PBXBuildFile; fileRef = 2433E1731D767992000F4F45 /* PTSwimWolfBody.ttf */; };
		2433E1791D767D64000F4F45 /* KaitiSC.ttf in Resources */ = {isa = PBXBuildFile; fileRef = 2433E1781D767D64000F4F45 /* KaitiSC.ttf */; };
		2433E1861D76BB7F000F4F45 /* fenxiang_pengyouquan@2x.png in Resources */ = {isa = PBXBuildFile; fileRef = 2433E1801D76BB7F000F4F45 /* fenxiang_pengyouquan@2x.png */; };
		2433E1871D76BB7F000F4F45 /* fenxiang_pengyouquan@3x.png in Resources */ = {isa = PBXBuildFile; fileRef = 2433E1811D76BB7F000F4F45 /* fenxiang_pengyouquan@3x.png */; };
		2433E1881D76BB7F000F4F45 /* fenxiang_QQ@2x.png in Resources */ = {isa = PBXBuildFile; fileRef = 2433E1821D76BB7F000F4F45 /* fenxiang_QQ@2x.png */; };
		2433E1891D76BB7F000F4F45 /* fenxiang_QQ@3x.png in Resources */ = {isa = PBXBuildFile; fileRef = 2433E1831D76BB7F000F4F45 /* fenxiang_QQ@3x.png */; };
		2433E18A1D76BB7F000F4F45 /* fenxiang_weixin@2x.png in Resources */ = {isa = PBXBuildFile; fileRef = 2433E1841D76BB7F000F4F45 /* fenxiang_weixin@2x.png */; };
		2433E18B1D76BB7F000F4F45 /* fenxiang_weixin@3x.png in Resources */ = {isa = PBXBuildFile; fileRef = 2433E1851D76BB7F000F4F45 /* fenxiang_weixin@3x.png */; };
		2433E18F1D76BBEE000F4F45 /* ShareView.m in Sources */ = {isa = PBXBuildFile; fileRef = 2433E18E1D76BBEE000F4F45 /* ShareView.m */; };
		2433E1921D76BC1B000F4F45 /* ShareHelper.m in Sources */ = {isa = PBXBuildFile; fileRef = 2433E1911D76BC1B000F4F45 /* ShareHelper.m */; };
		2433E1941D76E15C000F4F45 /* fenxiang_shoucang@2x.png in Resources */ = {isa = PBXBuildFile; fileRef = 2433E1931D76E15C000F4F45 /* fenxiang_shoucang@2x.png */; };
		2468C45A1CB34CA2005A10BF /* main.m in Sources */ = {isa = PBXBuildFile; fileRef = 2468C4591CB34CA2005A10BF /* main.m */; };
		2468C45D1CB34CA2005A10BF /* AppDelegate.m in Sources */ = {isa = PBXBuildFile; fileRef = 2468C45C1CB34CA2005A10BF /* AppDelegate.m */; };
		2468C4601CB34CA2005A10BF /* ViewController.m in Sources */ = {isa = PBXBuildFile; fileRef = 2468C45F1CB34CA2005A10BF /* ViewController.m */; };
		2468C4631CB34CA2005A10BF /* Main.storyboard in Resources */ = {isa = PBXBuildFile; fileRef = 2468C4611CB34CA2005A10BF /* Main.storyboard */; };
		2468C4651CB34CA2005A10BF /* Assets.xcassets in Resources */ = {isa = PBXBuildFile; fileRef = 2468C4641CB34CA2005A10BF /* Assets.xcassets */; };
		2468C4681CB34CA2005A10BF /* LaunchScreen.storyboard in Resources */ = {isa = PBXBuildFile; fileRef = 2468C4661CB34CA2005A10BF /* LaunchScreen.storyboard */; };
		2468C4731CB34CA2005A10BF /* JokeTests.m in Sources */ = {isa = PBXBuildFile; fileRef = 2468C4721CB34CA2005A10BF /* JokeTests.m */; };
		2468C47E1CB34CA2005A10BF /* JokeUITests.m in Sources */ = {isa = PBXBuildFile; fileRef = 2468C47D1CB34CA2005A10BF /* JokeUITests.m */; };
		248927481CB766CC00638D68 /* InterestImageTVCell.m in Sources */ = {isa = PBXBuildFile; fileRef = 248927471CB766CC00638D68 /* InterestImageTVCell.m */; };
		2489274A1CB7926500638D68 /* h_star_se.png in Resources */ = {isa = PBXBuildFile; fileRef = 248927491CB7926500638D68 /* h_star_se.png */; };
		2489274D1CB7B14200638D68 /* WeiXinResponse.m in Sources */ = {isa = PBXBuildFile; fileRef = 2489274C1CB7B14200638D68 /* WeiXinResponse.m */; };
		24F933A61CF6F207001DAE72 /* MyAccountVC.m in Sources */ = {isa = PBXBuildFile; fileRef = 24F933A51CF6F207001DAE72 /* MyAccountVC.m */; };
		24F933A91CF6F50B001DAE72 /* MyAccountCell.m in Sources */ = {isa = PBXBuildFile; fileRef = 24F933A81CF6F50B001DAE72 /* MyAccountCell.m */; };
		24F933AC1CF6FCCE001DAE72 /* MyCollectionVC.m in Sources */ = {isa = PBXBuildFile; fileRef = 24F933AB1CF6FCCE001DAE72 /* MyCollectionVC.m */; };
		24FB3C781CF573F100B0144D /* WXArticleCell.m in Sources */ = {isa = PBXBuildFile; fileRef = 24FB3C771CF573F100B0144D /* WXArticleCell.m */; };
/* End PBXBuildFile section */

/* Begin PBXContainerItemProxy section */
		2468C46F1CB34CA2005A10BF /* PBXContainerItemProxy */ = {
			isa = PBXContainerItemProxy;
			containerPortal = 2468C44D1CB34CA2005A10BF /* Project object */;
			proxyType = 1;
			remoteGlobalIDString = 2468C4541CB34CA2005A10BF;
			remoteInfo = Joke;
		};
		2468C47A1CB34CA2005A10BF /* PBXContainerItemProxy */ = {
			isa = PBXContainerItemProxy;
			containerPortal = 2468C44D1CB34CA2005A10BF /* Project object */;
			proxyType = 1;
			remoteGlobalIDString = 2468C4541CB34CA2005A10BF;
			remoteInfo = Joke;
		};
/* End PBXContainerItemProxy section */

/* Begin PBXFileReference section */
		24123F9D1D07F65000E96B55 /* CopyConnection.framework */ = {isa = PBXFileReference; lastKnownFileType = wrapper.framework; path = CopyConnection.framework; sourceTree = "<group>"; };
		24123F9E1D07F65000E96B55 /* MailConnection.framework */ = {isa = PBXFileReference; lastKnownFileType = wrapper.framework; path = MailConnection.framework; sourceTree = "<group>"; };
		24123F9F1D07F65000E96B55 /* QQConnection.framework */ = {isa = PBXFileReference; lastKnownFileType = wrapper.framework; path = QQConnection.framework; sourceTree = "<group>"; };
		24123FA01D07F65000E96B55 /* QZoneConnection.framework */ = {isa = PBXFileReference; lastKnownFileType = wrapper.framework; path = QZoneConnection.framework; sourceTree = "<group>"; };
		24123FA11D07F65000E96B55 /* SinaWeiboConnection.framework */ = {isa = PBXFileReference; lastKnownFileType = wrapper.framework; path = SinaWeiboConnection.framework; sourceTree = "<group>"; };
		24123FA21D07F65000E96B55 /* SMSConnection.framework */ = {isa = PBXFileReference; lastKnownFileType = wrapper.framework; path = SMSConnection.framework; sourceTree = "<group>"; };
		24123FA31D07F65000E96B55 /* WeChatConnection.framework */ = {isa = PBXFileReference; lastKnownFileType = wrapper.framework; path = WeChatConnection.framework; sourceTree = "<group>"; };
		24123FA51D07F65000E96B55 /* AGCommon.framework */ = {isa = PBXFileReference; lastKnownFileType = wrapper.framework; path = AGCommon.framework; sourceTree = "<group>"; };
		24123FA71D07F65000E96B55 /* en */ = {isa = PBXFileReference; lastKnownFileType = text.plist.strings; name = en; path = en.lproj/ShareSDKLocalizable.strings; sourceTree = "<group>"; };
		24123FA81D07F65000E96B55 /* MOBFoundation.framework */ = {isa = PBXFileReference; lastKnownFileType = wrapper.framework; path = MOBFoundation.framework; sourceTree = "<group>"; };
		24123FA91D07F65000E96B55 /* Resource.bundle */ = {isa = PBXFileReference; lastKnownFileType = "wrapper.plug-in"; path = Resource.bundle; sourceTree = "<group>"; };
		24123FAA1D07F65000E96B55 /* ShareSDKCoreService.framework */ = {isa = PBXFileReference; lastKnownFileType = wrapper.framework; path = ShareSDKCoreService.framework; sourceTree = "<group>"; };
		24123FAB1D07F65000E96B55 /* zh-Hans */ = {isa = PBXFileReference; lastKnownFileType = text.plist.strings; name = "zh-Hans"; path = "zh-Hans.lproj/ShareSDKLocalizable.strings"; sourceTree = "<group>"; };
		24123FAE1D07F65000E96B55 /* TencentOpenAPI.framework */ = {isa = PBXFileReference; lastKnownFileType = wrapper.framework; path = TencentOpenAPI.framework; sourceTree = "<group>"; };
		24123FAF1D07F65000E96B55 /* TencentOpenApi_IOS_Bundle.bundle */ = {isa = PBXFileReference; lastKnownFileType = "wrapper.plug-in"; path = TencentOpenApi_IOS_Bundle.bundle; sourceTree = "<group>"; };
		24123FB11D07F65000E96B55 /* libWeiboSDK.a */ = {isa = PBXFileReference; lastKnownFileType = archive.ar; path = libWeiboSDK.a; sourceTree = "<group>"; };
		24123FB21D07F65000E96B55 /* WBHttpRequest+WeiboGame.h */ = {isa = PBXFileReference; fileEncoding = 4; lastKnownFileType = sourcecode.c.h; path = "WBHttpRequest+WeiboGame.h"; sourceTree = "<group>"; };
		24123FB31D07F65000E96B55 /* WBHttpRequest+WeiboShare.h */ = {isa = PBXFileReference; fileEncoding = 4; lastKnownFileType = sourcecode.c.h; path = "WBHttpRequest+WeiboShare.h"; sourceTree = "<group>"; };
		24123FB41D07F65000E96B55 /* WBHttpRequest+WeiboToken.h */ = {isa = PBXFileReference; fileEncoding = 4; lastKnownFileType = sourcecode.c.h; path = "WBHttpRequest+WeiboToken.h"; sourceTree = "<group>"; };
		24123FB51D07F65000E96B55 /* WBHttpRequest+WeiboUser.h */ = {isa = PBXFileReference; fileEncoding = 4; lastKnownFileType = sourcecode.c.h; path = "WBHttpRequest+WeiboUser.h"; sourceTree = "<group>"; };
		24123FB61D07F65000E96B55 /* WBHttpRequest.h */ = {isa = PBXFileReference; fileEncoding = 4; lastKnownFileType = sourcecode.c.h; path = WBHttpRequest.h; sourceTree = "<group>"; };
		24123FB71D07F65000E96B55 /* WBSDKBasicButton.h */ = {isa = PBXFileReference; fileEncoding = 4; lastKnownFileType = sourcecode.c.h; path = WBSDKBasicButton.h; sourceTree = "<group>"; };
		24123FB81D07F65000E96B55 /* WBSDKCommentButton.h */ = {isa = PBXFileReference; fileEncoding = 4; lastKnownFileType = sourcecode.c.h; path = WBSDKCommentButton.h; sourceTree = "<group>"; };
		24123FB91D07F65000E96B55 /* WBSDKRelationshipButton.h */ = {isa = PBXFileReference; fileEncoding = 4; lastKnownFileType = sourcecode.c.h; path = WBSDKRelationshipButton.h; sourceTree = "<group>"; };
		24123FBA1D07F65000E96B55 /* WeiboSDK.bundle */ = {isa = PBXFileReference; lastKnownFileType = "wrapper.plug-in"; path = WeiboSDK.bundle; sourceTree = "<group>"; };
		24123FBB1D07F65000E96B55 /* WeiboSDK.h */ = {isa = PBXFileReference; fileEncoding = 4; lastKnownFileType = sourcecode.c.h; path = WeiboSDK.h; sourceTree = "<group>"; };
		24123FBC1D07F65000E96B55 /* WeiboUser.h */ = {isa = PBXFileReference; fileEncoding = 4; lastKnownFileType = sourcecode.c.h; path = WeiboUser.h; sourceTree = "<group>"; };
		24123FBE1D07F65000E96B55 /* libWeChatSDK.a */ = {isa = PBXFileReference; lastKnownFileType = archive.ar; path = libWeChatSDK.a; sourceTree = "<group>"; };
		24123FBF1D07F65000E96B55 /* WXApi.h */ = {isa = PBXFileReference; fileEncoding = 4; lastKnownFileType = sourcecode.c.h; path = WXApi.h; sourceTree = "<group>"; };
		24123FC01D07F65000E96B55 /* WXApiObject.h */ = {isa = PBXFileReference; fileEncoding = 4; lastKnownFileType = sourcecode.c.h; path = WXApiObject.h; sourceTree = "<group>"; };
		24123FC11D07F65000E96B55 /* ShareSDK.framework */ = {isa = PBXFileReference; lastKnownFileType = wrapper.framework; path = ShareSDK.framework; sourceTree = "<group>"; };
		24123FC31D07F65000E96B55 /* ShareSDKFlatShareViewUI.bundle */ = {isa = PBXFileReference; lastKnownFileType = "wrapper.plug-in"; path = ShareSDKFlatShareViewUI.bundle; sourceTree = "<group>"; };
		24123FC41D07F65000E96B55 /* ShareSDKFlatShareViewUI.framework */ = {isa = PBXFileReference; lastKnownFileType = wrapper.framework; path = ShareSDKFlatShareViewUI.framework; sourceTree = "<group>"; };
		24123FC51D07F65000E96B55 /* ShareSDKiPhoneAppRecommendShareViewUI.framework */ = {isa = PBXFileReference; lastKnownFileType = wrapper.framework; path = ShareSDKiPhoneAppRecommendShareViewUI.framework; sourceTree = "<group>"; };
		24123FC61D07F65000E96B55 /* ShareSDKiPhoneDefaultShareViewUI.bundle */ = {isa = PBXFileReference; lastKnownFileType = "wrapper.plug-in"; path = ShareSDKiPhoneDefaultShareViewUI.bundle; sourceTree = "<group>"; };
		24123FC71D07F65000E96B55 /* ShareSDKiPhoneDefaultShareViewUI.framework */ = {isa = PBXFileReference; lastKnownFileType = wrapper.framework; path = ShareSDKiPhoneDefaultShareViewUI.framework; sourceTree = "<group>"; };
		24123FC81D07F65000E96B55 /* ShareSDKiPhoneSimpleShareViewUI.bundle */ = {isa = PBXFileReference; lastKnownFileType = "wrapper.plug-in"; path = ShareSDKiPhoneSimpleShareViewUI.bundle; sourceTree = "<group>"; };
		24123FC91D07F65000E96B55 /* ShareSDKiPhoneSimpleShareViewUI.framework */ = {isa = PBXFileReference; lastKnownFileType = wrapper.framework; path = ShareSDKiPhoneSimpleShareViewUI.framework; sourceTree = "<group>"; };
		24123FCA1D07F65000E96B55 /* ShareSDKShareActionSheet.framework */ = {isa = PBXFileReference; lastKnownFileType = wrapper.framework; path = ShareSDKShareActionSheet.framework; sourceTree = "<group>"; };
		24123FE51D081A9D00E96B55 /* libicucore.tbd */ = {isa = PBXFileReference; lastKnownFileType = "sourcecode.text-based-dylib-definition"; name = libicucore.tbd; path = usr/lib/libicucore.tbd; sourceTree = SDKROOT; };
		24123FE71D081AAA00E96B55 /* libz.tbd */ = {isa = PBXFileReference; lastKnownFileType = "sourcecode.text-based-dylib-definition"; name = libz.tbd; path = usr/lib/libz.tbd; sourceTree = SDKROOT; };
		24123FE91D081AB600E96B55 /* libstdc++.tbd */ = {isa = PBXFileReference; lastKnownFileType = "sourcecode.text-based-dylib-definition"; name = "libstdc++.tbd"; path = "usr/lib/libstdc++.tbd"; sourceTree = SDKROOT; };
		24123FEB1D081ABF00E96B55 /* JavaScriptCore.framework */ = {isa = PBXFileReference; lastKnownFileType = wrapper.framework; name = JavaScriptCore.framework; path = System/Library/Frameworks/JavaScriptCore.framework; sourceTree = SDKROOT; };
		24123FED1D081ACD00E96B55 /* ImageIO.framework */ = {isa = PBXFileReference; lastKnownFileType = wrapper.framework; name = ImageIO.framework; path = System/Library/Frameworks/ImageIO.framework; sourceTree = SDKROOT; };
		24123FEF1D081ADB00E96B55 /* libsqlite3.tbd */ = {isa = PBXFileReference; lastKnownFileType = "sourcecode.text-based-dylib-definition"; name = libsqlite3.tbd; path = usr/lib/libsqlite3.tbd; sourceTree = SDKROOT; };
		241638131CF45DF1007524EE /* WXArticleVC.h */ = {isa = PBXFileReference; fileEncoding = 4; lastKnownFileType = sourcecode.c.h; path = WXArticleVC.h; sourceTree = "<group>"; };
		241638141CF45DF1007524EE /* WXArticleVC.m */ = {isa = PBXFileReference; fileEncoding = 4; lastKnownFileType = sourcecode.c.objc; path = WXArticleVC.m; sourceTree = "<group>"; };
		241F16FD1CB65C0900EADF63 /* JokeContentResponse.h */ = {isa = PBXFileReference; fileEncoding = 4; lastKnownFileType = sourcecode.c.h; path = JokeContentResponse.h; sourceTree = "<group>"; };
		241F16FE1CB65C0900EADF63 /* JokeContentResponse.m */ = {isa = PBXFileReference; fileEncoding = 4; lastKnownFileType = sourcecode.c.objc; path = JokeContentResponse.m; sourceTree = "<group>"; };
		241F17011CB664A400EADF63 /* BaseTableViewCell.h */ = {isa = PBXFileReference; fileEncoding = 4; lastKnownFileType = sourcecode.c.h; path = BaseTableViewCell.h; sourceTree = "<group>"; };
		241F17021CB664A400EADF63 /* BaseTableViewCell.m */ = {isa = PBXFileReference; fileEncoding = 4; lastKnownFileType = sourcecode.c.objc; path = BaseTableViewCell.m; sourceTree = "<group>"; };
		241F17071CB6656500EADF63 /* ContentTVCell.h */ = {isa = PBXFileReference; fileEncoding = 4; lastKnownFileType = sourcecode.c.h; path = ContentTVCell.h; sourceTree = "<group>"; };
		241F17081CB6656500EADF63 /* ContentTVCell.m */ = {isa = PBXFileReference; fileEncoding = 4; lastKnownFileType = sourcecode.c.objc; path = ContentTVCell.m; sourceTree = "<group>"; };
		241F170B1CB66BFA00EADF63 /* UILabel+StringFrame.h */ = {isa = PBXFileReference; fileEncoding = 4; lastKnownFileType = sourcecode.c.h; path = "UILabel+StringFrame.h"; sourceTree = "<group>"; };
		241F170C1CB66BFA00EADF63 /* UILabel+StringFrame.m */ = {isa = PBXFileReference; fileEncoding = 4; lastKnownFileType = sourcecode.c.objc; path = "UILabel+StringFrame.m"; sourceTree = "<group>"; };
		242F965E1CB3BB4E0053FDB8 /* Joke_Prefix.pch */ = {isa = PBXFileReference; lastKnownFileType = sourcecode.c.h; path = Joke_Prefix.pch; sourceTree = "<group>"; };
		242F96601CB3BD140053FDB8 /* JBaseVC.h */ = {isa = PBXFileReference; fileEncoding = 4; lastKnownFileType = sourcecode.c.h; path = JBaseVC.h; sourceTree = "<group>"; };
		242F96611CB3BD140053FDB8 /* JBaseVC.m */ = {isa = PBXFileReference; fileEncoding = 4; lastKnownFileType = sourcecode.c.objc; path = JBaseVC.m; sourceTree = "<group>"; };
		242F96631CB3BF840053FDB8 /* WJAFNetAPIClient.h */ = {isa = PBXFileReference; fileEncoding = 4; lastKnownFileType = sourcecode.c.h; path = WJAFNetAPIClient.h; sourceTree = "<group>"; };
		242F96641CB3BF840053FDB8 /* WJAFNetAPIClient.m */ = {isa = PBXFileReference; fileEncoding = 4; lastKnownFileType = sourcecode.c.objc; path = WJAFNetAPIClient.m; sourceTree = "<group>"; };
		242F96651CB3BF840053FDB8 /* WJConstants.h */ = {isa = PBXFileReference; fileEncoding = 4; lastKnownFileType = sourcecode.c.h; path = WJConstants.h; sourceTree = "<group>"; };
		242F96661CB3BF840053FDB8 /* WJConstants.m */ = {isa = PBXFileReference; fileEncoding = 4; lastKnownFileType = sourcecode.c.objc; path = WJConstants.m; sourceTree = "<group>"; };
		242F966A1CB3BFF00053FDB8 /* WJDataRequest.h */ = {isa = PBXFileReference; fileEncoding = 4; lastKnownFileType = sourcecode.c.h; path = WJDataRequest.h; sourceTree = "<group>"; };
		242F966B1CB3BFF00053FDB8 /* WJDataRequest.m */ = {isa = PBXFileReference; fileEncoding = 4; lastKnownFileType = sourcecode.c.objc; path = WJDataRequest.m; sourceTree = "<group>"; };
		242F966E1CB3C02D0053FDB8 /* WJBaseModel.h */ = {isa = PBXFileReference; fileEncoding = 4; lastKnownFileType = sourcecode.c.h; path = WJBaseModel.h; sourceTree = "<group>"; };
		242F966F1CB3C02D0053FDB8 /* WJBaseModel.m */ = {isa = PBXFileReference; fileEncoding = 4; lastKnownFileType = sourcecode.c.objc; path = WJBaseModel.m; sourceTree = "<group>"; };
		2433E1721D767992000F4F45 /* HYWaWaZhuanJ.ttf */ = {isa = PBXFileReference; lastKnownFileType = file; name = HYWaWaZhuanJ.ttf; path = fontTTF/HYWaWaZhuanJ.ttf; sourceTree = "<group>"; };
		2433E1731D767992000F4F45 /* PTSwimWolfBody.ttf */ = {isa = PBXFileReference; lastKnownFileType = file; name = PTSwimWolfBody.ttf; path = fontTTF/PTSwimWolfBody.ttf; sourceTree = "<group>"; };
		2433E1781D767D64000F4F45 /* KaitiSC.ttf */ = {isa = PBXFileReference; lastKnownFileType = file; name = KaitiSC.ttf; path = fontTTF/KaitiSC.ttf; sourceTree = "<group>"; };
		2433E1801D76BB7F000F4F45 /* fenxiang_pengyouquan@2x.png */ = {isa = PBXFileReference; lastKnownFileType = image.png; path = "fenxiang_pengyouquan@2x.png"; sourceTree = "<group>"; };
		2433E1811D76BB7F000F4F45 /* fenxiang_pengyouquan@3x.png */ = {isa = PBXFileReference; lastKnownFileType = image.png; path = "fenxiang_pengyouquan@3x.png"; sourceTree = "<group>"; };
		2433E1821D76BB7F000F4F45 /* fenxiang_QQ@2x.png */ = {isa = PBXFileReference; lastKnownFileType = image.png; path = "fenxiang_QQ@2x.png"; sourceTree = "<group>"; };
		2433E1831D76BB7F000F4F45 /* fenxiang_QQ@3x.png */ = {isa = PBXFileReference; lastKnownFileType = image.png; path = "fenxiang_QQ@3x.png"; sourceTree = "<group>"; };
		2433E1841D76BB7F000F4F45 /* fenxiang_weixin@2x.png */ = {isa = PBXFileReference; lastKnownFileType = image.png; path = "fenxiang_weixin@2x.png"; sourceTree = "<group>"; };
		2433E1851D76BB7F000F4F45 /* fenxiang_weixin@3x.png */ = {isa = PBXFileReference; lastKnownFileType = image.png; path = "fenxiang_weixin@3x.png"; sourceTree = "<group>"; };
		2433E18D1D76BBEE000F4F45 /* ShareView.h */ = {isa = PBXFileReference; fileEncoding = 4; lastKnownFileType = sourcecode.c.h; path = ShareView.h; sourceTree = "<group>"; };
		2433E18E1D76BBEE000F4F45 /* ShareView.m */ = {isa = PBXFileReference; fileEncoding = 4; lastKnownFileType = sourcecode.c.objc; path = ShareView.m; sourceTree = "<group>"; };
		2433E1901D76BC1B000F4F45 /* ShareHelper.h */ = {isa = PBXFileReference; fileEncoding = 4; lastKnownFileType = sourcecode.c.h; path = ShareHelper.h; sourceTree = "<group>"; };
		2433E1911D76BC1B000F4F45 /* ShareHelper.m */ = {isa = PBXFileReference; fileEncoding = 4; lastKnownFileType = sourcecode.c.objc; path = ShareHelper.m; sourceTree = "<group>"; };
		2433E1931D76E15C000F4F45 /* fenxiang_shoucang@2x.png */ = {isa = PBXFileReference; lastKnownFileType = image.png; path = "fenxiang_shoucang@2x.png"; sourceTree = "<group>"; };
		2468C4551CB34CA2005A10BF /* Joke.app */ = {isa = PBXFileReference; explicitFileType = wrapper.application; includeInIndex = 0; path = Joke.app; sourceTree = BUILT_PRODUCTS_DIR; };
		2468C4591CB34CA2005A10BF /* main.m */ = {isa = PBXFileReference; lastKnownFileType = sourcecode.c.objc; path = main.m; sourceTree = "<group>"; };
		2468C45B1CB34CA2005A10BF /* AppDelegate.h */ = {isa = PBXFileReference; lastKnownFileType = sourcecode.c.h; path = AppDelegate.h; sourceTree = "<group>"; };
		2468C45C1CB34CA2005A10BF /* AppDelegate.m */ = {isa = PBXFileReference; lastKnownFileType = sourcecode.c.objc; path = AppDelegate.m; sourceTree = "<group>"; };
		2468C45E1CB34CA2005A10BF /* ViewController.h */ = {isa = PBXFileReference; lastKnownFileType = sourcecode.c.h; path = ViewController.h; sourceTree = "<group>"; };
		2468C45F1CB34CA2005A10BF /* ViewController.m */ = {isa = PBXFileReference; lastKnownFileType = sourcecode.c.objc; path = ViewController.m; sourceTree = "<group>"; };
		2468C4621CB34CA2005A10BF /* Base */ = {isa = PBXFileReference; lastKnownFileType = file.storyboard; name = Base; path = Base.lproj/Main.storyboard; sourceTree = "<group>"; };
		2468C4641CB34CA2005A10BF /* Assets.xcassets */ = {isa = PBXFileReference; lastKnownFileType = folder.assetcatalog; path = Assets.xcassets; sourceTree = "<group>"; };
		2468C4671CB34CA2005A10BF /* Base */ = {isa = PBXFileReference; lastKnownFileType = file.storyboard; name = Base; path = Base.lproj/LaunchScreen.storyboard; sourceTree = "<group>"; };
		2468C4691CB34CA2005A10BF /* Info.plist */ = {isa = PBXFileReference; lastKnownFileType = text.plist.xml; path = Info.plist; sourceTree = "<group>"; };
		2468C46E1CB34CA2005A10BF /* JokeTests.xctest */ = {isa = PBXFileReference; explicitFileType = wrapper.cfbundle; includeInIndex = 0; path = JokeTests.xctest; sourceTree = BUILT_PRODUCTS_DIR; };
		2468C4721CB34CA2005A10BF /* JokeTests.m */ = {isa = PBXFileReference; lastKnownFileType = sourcecode.c.objc; path = JokeTests.m; sourceTree = "<group>"; };
		2468C4741CB34CA2005A10BF /* Info.plist */ = {isa = PBXFileReference; lastKnownFileType = text.plist.xml; path = Info.plist; sourceTree = "<group>"; };
		2468C4791CB34CA2005A10BF /* JokeUITests.xctest */ = {isa = PBXFileReference; explicitFileType = wrapper.cfbundle; includeInIndex = 0; path = JokeUITests.xctest; sourceTree = BUILT_PRODUCTS_DIR; };
		2468C47D1CB34CA2005A10BF /* JokeUITests.m */ = {isa = PBXFileReference; lastKnownFileType = sourcecode.c.objc; path = JokeUITests.m; sourceTree = "<group>"; };
		2468C47F1CB34CA2005A10BF /* Info.plist */ = {isa = PBXFileReference; lastKnownFileType = text.plist.xml; path = Info.plist; sourceTree = "<group>"; };
		248927461CB766CC00638D68 /* InterestImageTVCell.h */ = {isa = PBXFileReference; fileEncoding = 4; lastKnownFileType = sourcecode.c.h; path = InterestImageTVCell.h; sourceTree = "<group>"; };
		248927471CB766CC00638D68 /* InterestImageTVCell.m */ = {isa = PBXFileReference; fileEncoding = 4; lastKnownFileType = sourcecode.c.objc; path = InterestImageTVCell.m; sourceTree = "<group>"; };
		248927491CB7926500638D68 /* h_star_se.png */ = {isa = PBXFileReference; lastKnownFileType = image.png; path = h_star_se.png; sourceTree = "<group>"; };
		2489274B1CB7B14200638D68 /* WeiXinResponse.h */ = {isa = PBXFileReference; fileEncoding = 4; lastKnownFileType = sourcecode.c.h; path = WeiXinResponse.h; sourceTree = "<group>"; };
		2489274C1CB7B14200638D68 /* WeiXinResponse.m */ = {isa = PBXFileReference; fileEncoding = 4; lastKnownFileType = sourcecode.c.objc; path = WeiXinResponse.m; sourceTree = "<group>"; };
		24C88A1E24300AE40F385EE7 /* Pods.release.xcconfig */ = {isa = PBXFileReference; includeInIndex = 1; lastKnownFileType = text.xcconfig; name = Pods.release.xcconfig; path = "Pods/Target Support Files/Pods/Pods.release.xcconfig"; sourceTree = "<group>"; };
		24F933A41CF6F207001DAE72 /* MyAccountVC.h */ = {isa = PBXFileReference; fileEncoding = 4; lastKnownFileType = sourcecode.c.h; path = MyAccountVC.h; sourceTree = "<group>"; };
		24F933A51CF6F207001DAE72 /* MyAccountVC.m */ = {isa = PBXFileReference; fileEncoding = 4; lastKnownFileType = sourcecode.c.objc; path = MyAccountVC.m; sourceTree = "<group>"; };
		24F933A71CF6F50B001DAE72 /* MyAccountCell.h */ = {isa = PBXFileReference; fileEncoding = 4; lastKnownFileType = sourcecode.c.h; path = MyAccountCell.h; sourceTree = "<group>"; };
		24F933A81CF6F50B001DAE72 /* MyAccountCell.m */ = {isa = PBXFileReference; fileEncoding = 4; lastKnownFileType = sourcecode.c.objc; path = MyAccountCell.m; sourceTree = "<group>"; };
		24F933AA1CF6FCCE001DAE72 /* MyCollectionVC.h */ = {isa = PBXFileReference; fileEncoding = 4; lastKnownFileType = sourcecode.c.h; path = MyCollectionVC.h; sourceTree = "<group>"; };
		24F933AB1CF6FCCE001DAE72 /* MyCollectionVC.m */ = {isa = PBXFileReference; fileEncoding = 4; lastKnownFileType = sourcecode.c.objc; path = MyCollectionVC.m; sourceTree = "<group>"; };
		24FB3C761CF573F100B0144D /* WXArticleCell.h */ = {isa = PBXFileReference; fileEncoding = 4; lastKnownFileType = sourcecode.c.h; path = WXArticleCell.h; sourceTree = "<group>"; };
		24FB3C771CF573F100B0144D /* WXArticleCell.m */ = {isa = PBXFileReference; fileEncoding = 4; lastKnownFileType = sourcecode.c.objc; path = WXArticleCell.m; sourceTree = "<group>"; };
		265FD4B11B37B1659CEF762A /* libPods.a */ = {isa = PBXFileReference; explicitFileType = archive.ar; includeInIndex = 0; path = libPods.a; sourceTree = BUILT_PRODUCTS_DIR; };
		CC4B2A5D631D7B944E964DC0 /* Pods.debug.xcconfig */ = {isa = PBXFileReference; includeInIndex = 1; lastKnownFileType = text.xcconfig; name = Pods.debug.xcconfig; path = "Pods/Target Support Files/Pods/Pods.debug.xcconfig"; sourceTree = "<group>"; };
/* End PBXFileReference section */

/* Begin PBXFrameworksBuildPhase section */
		2468C4521CB34CA2005A10BF /* Frameworks */ = {
			isa = PBXFrameworksBuildPhase;
			buildActionMask = 2147483647;
			files = (
				24123FF01D081ADB00E96B55 /* libsqlite3.tbd in Frameworks */,
				24123FEE1D081ACD00E96B55 /* ImageIO.framework in Frameworks */,
				24123FEC1D081ABF00E96B55 /* JavaScriptCore.framework in Frameworks */,
				24123FEA1D081AB600E96B55 /* libstdc++.tbd in Frameworks */,
				24123FE81D081AAA00E96B55 /* libz.tbd in Frameworks */,
				24123FE61D081A9D00E96B55 /* libicucore.tbd in Frameworks */,
				24123FDF1D07F65000E96B55 /* ShareSDKiPhoneAppRecommendShareViewUI.framework in Frameworks */,
				24123FE41D07F65000E96B55 /* ShareSDKShareActionSheet.framework in Frameworks */,
				24123FDB1D07F65000E96B55 /* libWeChatSDK.a in Frameworks */,
				24123FCD1D07F65000E96B55 /* QQConnection.framework in Frameworks */,
				24123FD71D07F65000E96B55 /* TencentOpenAPI.framework in Frameworks */,
				24123FCC1D07F65000E96B55 /* MailConnection.framework in Frameworks */,
				24123FD41D07F65000E96B55 /* MOBFoundation.framework in Frameworks */,
				24123FD11D07F65000E96B55 /* WeChatConnection.framework in Frameworks */,
				24123FD61D07F65000E96B55 /* ShareSDKCoreService.framework in Frameworks */,
				24123FD21D07F65000E96B55 /* AGCommon.framework in Frameworks */,
				24123FE11D07F65000E96B55 /* ShareSDKiPhoneDefaultShareViewUI.framework in Frameworks */,
				1D7A396614D7C730568A44C8 /* libPods.a in Frameworks */,
				24123FE31D07F65000E96B55 /* ShareSDKiPhoneSimpleShareViewUI.framework in Frameworks */,
				24123FDC1D07F65000E96B55 /* ShareSDK.framework in Frameworks */,
				24123FD91D07F65000E96B55 /* libWeiboSDK.a in Frameworks */,
				24123FD01D07F65000E96B55 /* SMSConnection.framework in Frameworks */,
				24123FCB1D07F65000E96B55 /* CopyConnection.framework in Frameworks */,
				24123FCF1D07F65000E96B55 /* SinaWeiboConnection.framework in Frameworks */,
				24123FCE1D07F65000E96B55 /* QZoneConnection.framework in Frameworks */,
				24123FDE1D07F65000E96B55 /* ShareSDKFlatShareViewUI.framework in Frameworks */,
			);
			runOnlyForDeploymentPostprocessing = 0;
		};
		2468C46B1CB34CA2005A10BF /* Frameworks */ = {
			isa = PBXFrameworksBuildPhase;
			buildActionMask = 2147483647;
			files = (
			);
			runOnlyForDeploymentPostprocessing = 0;
		};
		2468C4761CB34CA2005A10BF /* Frameworks */ = {
			isa = PBXFrameworksBuildPhase;
			buildActionMask = 2147483647;
			files = (
			);
			runOnlyForDeploymentPostprocessing = 0;
		};
/* End PBXFrameworksBuildPhase section */

/* Begin PBXGroup section */
		24123F9A1D07F62300E96B55 /* threeSDK */ = {
			isa = PBXGroup;
			children = (
				24123F9B1D07F65000E96B55 /* ShareSDK */,
			);
			name = threeSDK;
			sourceTree = "<group>";
		};
		24123F9B1D07F65000E96B55 /* ShareSDK */ = {
			isa = PBXGroup;
			children = (
				24123F9C1D07F65000E96B55 /* Connection */,
				24123FA41D07F65000E96B55 /* Core */,
				24123FAC1D07F65000E96B55 /* Extend */,
				24123FC11D07F65000E96B55 /* ShareSDK.framework */,
				24123FC21D07F65000E96B55 /* UI */,
			);
			path = ShareSDK;
			sourceTree = "<group>";
		};
		24123F9C1D07F65000E96B55 /* Connection */ = {
			isa = PBXGroup;
			children = (
				24123F9D1D07F65000E96B55 /* CopyConnection.framework */,
				24123F9E1D07F65000E96B55 /* MailConnection.framework */,
				24123F9F1D07F65000E96B55 /* QQConnection.framework */,
				24123FA01D07F65000E96B55 /* QZoneConnection.framework */,
				24123FA11D07F65000E96B55 /* SinaWeiboConnection.framework */,
				24123FA21D07F65000E96B55 /* SMSConnection.framework */,
				24123FA31D07F65000E96B55 /* WeChatConnection.framework */,
			);
			path = Connection;
			sourceTree = "<group>";
		};
		24123FA41D07F65000E96B55 /* Core */ = {
			isa = PBXGroup;
			children = (
				24123FA51D07F65000E96B55 /* AGCommon.framework */,
				24123FA61D07F65000E96B55 /* ShareSDKLocalizable.strings */,
				24123FA81D07F65000E96B55 /* MOBFoundation.framework */,
				24123FA91D07F65000E96B55 /* Resource.bundle */,
				24123FAA1D07F65000E96B55 /* ShareSDKCoreService.framework */,
			);
			path = Core;
			sourceTree = "<group>";
		};
		24123FAC1D07F65000E96B55 /* Extend */ = {
			isa = PBXGroup;
			children = (
				24123FAD1D07F65000E96B55 /* QQConnectSDK */,
				24123FB01D07F65000E96B55 /* SinaWeiboSDK */,
				24123FBD1D07F65000E96B55 /* WeChatSDK */,
			);
			path = Extend;
			sourceTree = "<group>";
		};
		24123FAD1D07F65000E96B55 /* QQConnectSDK */ = {
			isa = PBXGroup;
			children = (
				24123FAE1D07F65000E96B55 /* TencentOpenAPI.framework */,
				24123FAF1D07F65000E96B55 /* TencentOpenApi_IOS_Bundle.bundle */,
			);
			path = QQConnectSDK;
			sourceTree = "<group>";
		};
		24123FB01D07F65000E96B55 /* SinaWeiboSDK */ = {
			isa = PBXGroup;
			children = (
				24123FB11D07F65000E96B55 /* libWeiboSDK.a */,
				24123FB21D07F65000E96B55 /* WBHttpRequest+WeiboGame.h */,
				24123FB31D07F65000E96B55 /* WBHttpRequest+WeiboShare.h */,
				24123FB41D07F65000E96B55 /* WBHttpRequest+WeiboToken.h */,
				24123FB51D07F65000E96B55 /* WBHttpRequest+WeiboUser.h */,
				24123FB61D07F65000E96B55 /* WBHttpRequest.h */,
				24123FB71D07F65000E96B55 /* WBSDKBasicButton.h */,
				24123FB81D07F65000E96B55 /* WBSDKCommentButton.h */,
				24123FB91D07F65000E96B55 /* WBSDKRelationshipButton.h */,
				24123FBA1D07F65000E96B55 /* WeiboSDK.bundle */,
				24123FBB1D07F65000E96B55 /* WeiboSDK.h */,
				24123FBC1D07F65000E96B55 /* WeiboUser.h */,
			);
			path = SinaWeiboSDK;
			sourceTree = "<group>";
		};
		24123FBD1D07F65000E96B55 /* WeChatSDK */ = {
			isa = PBXGroup;
			children = (
				24123FBE1D07F65000E96B55 /* libWeChatSDK.a */,
				24123FBF1D07F65000E96B55 /* WXApi.h */,
				24123FC01D07F65000E96B55 /* WXApiObject.h */,
			);
			path = WeChatSDK;
			sourceTree = "<group>";
		};
		24123FC21D07F65000E96B55 /* UI */ = {
			isa = PBXGroup;
			children = (
				24123FC31D07F65000E96B55 /* ShareSDKFlatShareViewUI.bundle */,
				24123FC41D07F65000E96B55 /* ShareSDKFlatShareViewUI.framework */,
				24123FC51D07F65000E96B55 /* ShareSDKiPhoneAppRecommendShareViewUI.framework */,
				24123FC61D07F65000E96B55 /* ShareSDKiPhoneDefaultShareViewUI.bundle */,
				24123FC71D07F65000E96B55 /* ShareSDKiPhoneDefaultShareViewUI.framework */,
				24123FC81D07F65000E96B55 /* ShareSDKiPhoneSimpleShareViewUI.bundle */,
				24123FC91D07F65000E96B55 /* ShareSDKiPhoneSimpleShareViewUI.framework */,
				24123FCA1D07F65000E96B55 /* ShareSDKShareActionSheet.framework */,
			);
			path = UI;
			sourceTree = "<group>";
		};
		241F17001CB6646500EADF63 /* tableViewCell */ = {
			isa = PBXGroup;
			children = (
				241F17011CB664A400EADF63 /* BaseTableViewCell.h */,
				241F17021CB664A400EADF63 /* BaseTableViewCell.m */,
				241F17071CB6656500EADF63 /* ContentTVCell.h */,
				241F17081CB6656500EADF63 /* ContentTVCell.m */,
				248927461CB766CC00638D68 /* InterestImageTVCell.h */,
				248927471CB766CC00638D68 /* InterestImageTVCell.m */,
				24FB3C761CF573F100B0144D /* WXArticleCell.h */,
				24FB3C771CF573F100B0144D /* WXArticleCell.m */,
				24F933A71CF6F50B001DAE72 /* MyAccountCell.h */,
				24F933A81CF6F50B001DAE72 /* MyAccountCell.m */,
			);
			path = tableViewCell;
			sourceTree = "<group>";
		};
		241F170A1CB66B2F00EADF63 /* Utility */ = {
			isa = PBXGroup;
			children = (
				2433E18C1D76BBA8000F4F45 /* share */,
				241F170B1CB66BFA00EADF63 /* UILabel+StringFrame.h */,
				241F170C1CB66BFA00EADF63 /* UILabel+StringFrame.m */,
			);
			path = Utility;
			sourceTree = "<group>";
		};
		242F965F1CB3BCAB0053FDB8 /* JBaseVC */ = {
			isa = PBXGroup;
			children = (
				242F96601CB3BD140053FDB8 /* JBaseVC.h */,
				242F96611CB3BD140053FDB8 /* JBaseVC.m */,
			);
			path = JBaseVC;
			sourceTree = "<group>";
		};
		242F96691CB3BFF00053FDB8 /* WJRequest */ = {
			isa = PBXGroup;
			children = (
				242F966A1CB3BFF00053FDB8 /* WJDataRequest.h */,
				242F966B1CB3BFF00053FDB8 /* WJDataRequest.m */,
			);
			path = WJRequest;
			sourceTree = "<group>";
		};
		242F966D1CB3C02D0053FDB8 /* WJResponse */ = {
			isa = PBXGroup;
			children = (
				242F966E1CB3C02D0053FDB8 /* WJBaseModel.h */,
				242F966F1CB3C02D0053FDB8 /* WJBaseModel.m */,
				241F16FD1CB65C0900EADF63 /* JokeContentResponse.h */,
				241F16FE1CB65C0900EADF63 /* JokeContentResponse.m */,
				2489274B1CB7B14200638D68 /* WeiXinResponse.h */,
				2489274C1CB7B14200638D68 /* WeiXinResponse.m */,
			);
			path = WJResponse;
			sourceTree = "<group>";
		};
		2433E1701D76792A000F4F45 /* fontTTF */ = {
			isa = PBXGroup;
			children = (
				2433E1781D767D64000F4F45 /* KaitiSC.ttf */,
				2433E1721D767992000F4F45 /* HYWaWaZhuanJ.ttf */,
				2433E1731D767992000F4F45 /* PTSwimWolfBody.ttf */,
			);
			name = fontTTF;
			sourceTree = "<group>";
		};
		2433E17C1D76BAAF000F4F45 /* Resource */ = {
			isa = PBXGroup;
			children = (
				2433E1931D76E15C000F4F45 /* fenxiang_shoucang@2x.png */,
				2433E1801D76BB7F000F4F45 /* fenxiang_pengyouquan@2x.png */,
				2433E1811D76BB7F000F4F45 /* fenxiang_pengyouquan@3x.png */,
				2433E1821D76BB7F000F4F45 /* fenxiang_QQ@2x.png */,
				2433E1831D76BB7F000F4F45 /* fenxiang_QQ@3x.png */,
				2433E1841D76BB7F000F4F45 /* fenxiang_weixin@2x.png */,
				2433E1851D76BB7F000F4F45 /* fenxiang_weixin@3x.png */,
			);
			path = Resource;
			sourceTree = "<group>";
		};
		2433E18C1D76BBA8000F4F45 /* share */ = {
			isa = PBXGroup;
			children = (
				2433E1901D76BC1B000F4F45 /* ShareHelper.h */,
				2433E1911D76BC1B000F4F45 /* ShareHelper.m */,
				2433E18D1D76BBEE000F4F45 /* ShareView.h */,
				2433E18E1D76BBEE000F4F45 /* ShareView.m */,
			);
			path = share;
			sourceTree = "<group>";
		};
		2468C44C1CB34CA2005A10BF = {
			isa = PBXGroup;
			children = (
				2468C4571CB34CA2005A10BF /* Joke */,
				2468C4711CB34CA2005A10BF /* JokeTests */,
				2468C47C1CB34CA2005A10BF /* JokeUITests */,
				2468C4561CB34CA2005A10BF /* Products */,
				2500A4C4B58F5BA8BE15C91B /* Pods */,
				46F8D5C5DE4827B7DE744461 /* Frameworks */,
			);
			sourceTree = "<group>";
		};
		2468C4561CB34CA2005A10BF /* Products */ = {
			isa = PBXGroup;
			children = (
				2468C4551CB34CA2005A10BF /* Joke.app */,
				2468C46E1CB34CA2005A10BF /* JokeTests.xctest */,
				2468C4791CB34CA2005A10BF /* JokeUITests.xctest */,
			);
			name = Products;
			sourceTree = "<group>";
		};
		2468C4571CB34CA2005A10BF /* Joke */ = {
			isa = PBXGroup;
			children = (
				24123F9A1D07F62300E96B55 /* threeSDK */,
				248927491CB7926500638D68 /* h_star_se.png */,
				241F170A1CB66B2F00EADF63 /* Utility */,
				241F17001CB6646500EADF63 /* tableViewCell */,
				242F966D1CB3C02D0053FDB8 /* WJResponse */,
				242F96691CB3BFF00053FDB8 /* WJRequest */,
				242F965F1CB3BCAB0053FDB8 /* JBaseVC */,
				2468C45B1CB34CA2005A10BF /* AppDelegate.h */,
				2468C45C1CB34CA2005A10BF /* AppDelegate.m */,
				2468C45E1CB34CA2005A10BF /* ViewController.h */,
				2468C45F1CB34CA2005A10BF /* ViewController.m */,
				241638131CF45DF1007524EE /* WXArticleVC.h */,
				241638141CF45DF1007524EE /* WXArticleVC.m */,
				24F933A41CF6F207001DAE72 /* MyAccountVC.h */,
				24F933A51CF6F207001DAE72 /* MyAccountVC.m */,
				24F933AA1CF6FCCE001DAE72 /* MyCollectionVC.h */,
				24F933AB1CF6FCCE001DAE72 /* MyCollectionVC.m */,
				2468C4611CB34CA2005A10BF /* Main.storyboard */,
				2468C4641CB34CA2005A10BF /* Assets.xcassets */,
				2468C4661CB34CA2005A10BF /* LaunchScreen.storyboard */,
				2468C4581CB34CA2005A10BF /* Supporting Files */,
			);
			path = Joke;
			sourceTree = "<group>";
		};
		2468C4581CB34CA2005A10BF /* Supporting Files */ = {
			isa = PBXGroup;
			children = (
				2433E17C1D76BAAF000F4F45 /* Resource */,
				2433E1701D76792A000F4F45 /* fontTTF */,
				242F96631CB3BF840053FDB8 /* WJAFNetAPIClient.h */,
				242F96641CB3BF840053FDB8 /* WJAFNetAPIClient.m */,
				242F96651CB3BF840053FDB8 /* WJConstants.h */,
				242F96661CB3BF840053FDB8 /* WJConstants.m */,
				2468C4591CB34CA2005A10BF /* main.m */,
				242F965E1CB3BB4E0053FDB8 /* Joke_Prefix.pch */,
				2468C4691CB34CA2005A10BF /* Info.plist */,
			);
			name = "Supporting Files";
			sourceTree = "<group>";
		};
		2468C4711CB34CA2005A10BF /* JokeTests */ = {
			isa = PBXGroup;
			children = (
				2468C4721CB34CA2005A10BF /* JokeTests.m */,
				2468C4741CB34CA2005A10BF /* Info.plist */,
			);
			path = JokeTests;
			sourceTree = "<group>";
		};
		2468C47C1CB34CA2005A10BF /* JokeUITests */ = {
			isa = PBXGroup;
			children = (
				2468C47D1CB34CA2005A10BF /* JokeUITests.m */,
				2468C47F1CB34CA2005A10BF /* Info.plist */,
			);
			path = JokeUITests;
			sourceTree = "<group>";
		};
		2500A4C4B58F5BA8BE15C91B /* Pods */ = {
			isa = PBXGroup;
			children = (
				CC4B2A5D631D7B944E964DC0 /* Pods.debug.xcconfig */,
				24C88A1E24300AE40F385EE7 /* Pods.release.xcconfig */,
			);
			name = Pods;
			sourceTree = "<group>";
		};
		46F8D5C5DE4827B7DE744461 /* Frameworks */ = {
			isa = PBXGroup;
			children = (
				24123FEF1D081ADB00E96B55 /* libsqlite3.tbd */,
				24123FED1D081ACD00E96B55 /* ImageIO.framework */,
				24123FEB1D081ABF00E96B55 /* JavaScriptCore.framework */,
				24123FE91D081AB600E96B55 /* libstdc++.tbd */,
				24123FE71D081AAA00E96B55 /* libz.tbd */,
				24123FE51D081A9D00E96B55 /* libicucore.tbd */,
				265FD4B11B37B1659CEF762A /* libPods.a */,
			);
			name = Frameworks;
			sourceTree = "<group>";
		};
/* End PBXGroup section */

/* Begin PBXNativeTarget section */
		2468C4541CB34CA2005A10BF /* Joke */ = {
			isa = PBXNativeTarget;
			buildConfigurationList = 2468C4821CB34CA2005A10BF /* Build configuration list for PBXNativeTarget "Joke" */;
			buildPhases = (
				1F931C5CCC5FC835E8EB7334 /* Check Pods Manifest.lock */,
				2468C4511CB34CA2005A10BF /* Sources */,
				2468C4521CB34CA2005A10BF /* Frameworks */,
				2468C4531CB34CA2005A10BF /* Resources */,
				4652EDB33713325A5A9A0AD3 /* Embed Pods Frameworks */,
				B8B512F08AA34225DE4AE5DA /* Copy Pods Resources */,
			);
			buildRules = (
			);
			dependencies = (
			);
			name = Joke;
			productName = Joke;
			productReference = 2468C4551CB34CA2005A10BF /* Joke.app */;
			productType = "com.apple.product-type.application";
		};
		2468C46D1CB34CA2005A10BF /* JokeTests */ = {
			isa = PBXNativeTarget;
			buildConfigurationList = 2468C4851CB34CA2005A10BF /* Build configuration list for PBXNativeTarget "JokeTests" */;
			buildPhases = (
				2468C46A1CB34CA2005A10BF /* Sources */,
				2468C46B1CB34CA2005A10BF /* Frameworks */,
				2468C46C1CB34CA2005A10BF /* Resources */,
			);
			buildRules = (
			);
			dependencies = (
				2468C4701CB34CA2005A10BF /* PBXTargetDependency */,
			);
			name = JokeTests;
			productName = JokeTests;
			productReference = 2468C46E1CB34CA2005A10BF /* JokeTests.xctest */;
			productType = "com.apple.product-type.bundle.unit-test";
		};
		2468C4781CB34CA2005A10BF /* JokeUITests */ = {
			isa = PBXNativeTarget;
			buildConfigurationList = 2468C4881CB34CA2005A10BF /* Build configuration list for PBXNativeTarget "JokeUITests" */;
			buildPhases = (
				2468C4751CB34CA2005A10BF /* Sources */,
				2468C4761CB34CA2005A10BF /* Frameworks */,
				2468C4771CB34CA2005A10BF /* Resources */,
			);
			buildRules = (
			);
			dependencies = (
				2468C47B1CB34CA2005A10BF /* PBXTargetDependency */,
			);
			name = JokeUITests;
			productName = JokeUITests;
			productReference = 2468C4791CB34CA2005A10BF /* JokeUITests.xctest */;
			productType = "com.apple.product-type.bundle.ui-testing";
		};
/* End PBXNativeTarget section */

/* Begin PBXProject section */
		2468C44D1CB34CA2005A10BF /* Project object */ = {
			isa = PBXProject;
			attributes = {
				LastUpgradeCheck = 0720;
				ORGANIZATIONNAME = wenjuan;
				TargetAttributes = {
					2468C4541CB34CA2005A10BF = {
						CreatedOnToolsVersion = 7.2;
					};
					2468C46D1CB34CA2005A10BF = {
						CreatedOnToolsVersion = 7.2;
						TestTargetID = 2468C4541CB34CA2005A10BF;
					};
					2468C4781CB34CA2005A10BF = {
						CreatedOnToolsVersion = 7.2;
						TestTargetID = 2468C4541CB34CA2005A10BF;
					};
				};
			};
			buildConfigurationList = 2468C4501CB34CA2005A10BF /* Build configuration list for PBXProject "Joke" */;
			compatibilityVersion = "Xcode 3.2";
			developmentRegion = English;
			hasScannedForEncodings = 0;
			knownRegions = (
				en,
				Base,
				"zh-Hans",
			);
			mainGroup = 2468C44C1CB34CA2005A10BF;
			productRefGroup = 2468C4561CB34CA2005A10BF /* Products */;
			projectDirPath = "";
			projectRoot = "";
			targets = (
				2468C4541CB34CA2005A10BF /* Joke */,
				2468C46D1CB34CA2005A10BF /* JokeTests */,
				2468C4781CB34CA2005A10BF /* JokeUITests */,
			);
		};
/* End PBXProject section */

/* Begin PBXResourcesBuildPhase section */
		2468C4531CB34CA2005A10BF /* Resources */ = {
			isa = PBXResourcesBuildPhase;
			buildActionMask = 2147483647;
			files = (
				24123FE01D07F65000E96B55 /* ShareSDKiPhoneDefaultShareViewUI.bundle in Resources */,
				2433E1861D76BB7F000F4F45 /* fenxiang_pengyouquan@2x.png in Resources */,
				24123FE21D07F65000E96B55 /* ShareSDKiPhoneSimpleShareViewUI.bundle in Resources */,
				2433E1791D767D64000F4F45 /* KaitiSC.ttf in Resources */,
				2433E1761D767992000F4F45 /* PTSwimWolfBody.ttf in Resources */,
				2489274A1CB7926500638D68 /* h_star_se.png in Resources */,
				2433E1941D76E15C000F4F45 /* fenxiang_shoucang@2x.png in Resources */,
				2468C4681CB34CA2005A10BF /* LaunchScreen.storyboard in Resources */,
				24123FDD1D07F65000E96B55 /* ShareSDKFlatShareViewUI.bundle in Resources */,
				2433E18B1D76BB7F000F4F45 /* fenxiang_weixin@3x.png in Resources */,
				2468C4651CB34CA2005A10BF /* Assets.xcassets in Resources */,
				2468C4631CB34CA2005A10BF /* Main.storyboard in Resources */,
				2433E1871D76BB7F000F4F45 /* fenxiang_pengyouquan@3x.png in Resources */,
				24123FD81D07F65000E96B55 /* TencentOpenApi_IOS_Bundle.bundle in Resources */,
				24123FDA1D07F65000E96B55 /* WeiboSDK.bundle in Resources */,
				2433E18A1D76BB7F000F4F45 /* fenxiang_weixin@2x.png in Resources */,
				2433E1751D767992000F4F45 /* HYWaWaZhuanJ.ttf in Resources */,
				2433E1881D76BB7F000F4F45 /* fenxiang_QQ@2x.png in Resources */,
				2433E1891D76BB7F000F4F45 /* fenxiang_QQ@3x.png in Resources */,
				24123FD31D07F65000E96B55 /* ShareSDKLocalizable.strings in Resources */,
				24123FD51D07F65000E96B55 /* Resource.bundle in Resources */,
			);
			runOnlyForDeploymentPostprocessing = 0;
		};
		2468C46C1CB34CA2005A10BF /* Resources */ = {
			isa = PBXResourcesBuildPhase;
			buildActionMask = 2147483647;
			files = (
			);
			runOnlyForDeploymentPostprocessing = 0;
		};
		2468C4771CB34CA2005A10BF /* Resources */ = {
			isa = PBXResourcesBuildPhase;
			buildActionMask = 2147483647;
			files = (
			);
			runOnlyForDeploymentPostprocessing = 0;
		};
/* End PBXResourcesBuildPhase section */

/* Begin PBXShellScriptBuildPhase section */
		1F931C5CCC5FC835E8EB7334 /* Check Pods Manifest.lock */ = {
			isa = PBXShellScriptBuildPhase;
			buildActionMask = 2147483647;
			files = (
			);
			inputPaths = (
			);
			name = "Check Pods Manifest.lock";
			outputPaths = (
			);
			runOnlyForDeploymentPostprocessing = 0;
			shellPath = /bin/sh;
			shellScript = "diff \"${PODS_ROOT}/../Podfile.lock\" \"${PODS_ROOT}/Manifest.lock\" > /dev/null\nif [[ $? != 0 ]] ; then\n    cat << EOM\nerror: The sandbox is not in sync with the Podfile.lock. Run 'pod install' or update your CocoaPods installation.\nEOM\n    exit 1\nfi\n";
			showEnvVarsInLog = 0;
		};
		4652EDB33713325A5A9A0AD3 /* Embed Pods Frameworks */ = {
			isa = PBXShellScriptBuildPhase;
			buildActionMask = 2147483647;
			files = (
			);
			inputPaths = (
			);
			name = "Embed Pods Frameworks";
			outputPaths = (
			);
			runOnlyForDeploymentPostprocessing = 0;
			shellPath = /bin/sh;
			shellScript = "\"${SRCROOT}/Pods/Target Support Files/Pods/Pods-frameworks.sh\"\n";
			showEnvVarsInLog = 0;
		};
		B8B512F08AA34225DE4AE5DA /* Copy Pods Resources */ = {
			isa = PBXShellScriptBuildPhase;
			buildActionMask = 2147483647;
			files = (
			);
			inputPaths = (
			);
			name = "Copy Pods Resources";
			outputPaths = (
			);
			runOnlyForDeploymentPostprocessing = 0;
			shellPath = /bin/sh;
			shellScript = "\"${SRCROOT}/Pods/Target Support Files/Pods/Pods-resources.sh\"\n";
			showEnvVarsInLog = 0;
		};
/* End PBXShellScriptBuildPhase section */

/* Begin PBXSourcesBuildPhase section */
		2468C4511CB34CA2005A10BF /* Sources */ = {
			isa = PBXSourcesBuildPhase;
			buildActionMask = 2147483647;
			files = (
				248927481CB766CC00638D68 /* InterestImageTVCell.m in Sources */,
				241F17031CB664A400EADF63 /* BaseTableViewCell.m in Sources */,
				241638151CF45DF1007524EE /* WXArticleVC.m in Sources */,
				2433E1921D76BC1B000F4F45 /* ShareHelper.m in Sources */,
				24F933AC1CF6FCCE001DAE72 /* MyCollectionVC.m in Sources */,
				242F96681CB3BF840053FDB8 /* WJConstants.m in Sources */,
				2468C4601CB34CA2005A10BF /* ViewController.m in Sources */,
				241F170D1CB66BFA00EADF63 /* UILabel+StringFrame.m in Sources */,
				241F17091CB6656500EADF63 /* ContentTVCell.m in Sources */,
				2489274D1CB7B14200638D68 /* WeiXinResponse.m in Sources */,
				2468C45D1CB34CA2005A10BF /* AppDelegate.m in Sources */,
				24F933A91CF6F50B001DAE72 /* MyAccountCell.m in Sources */,
				24F933A61CF6F207001DAE72 /* MyAccountVC.m in Sources */,
				2433E18F1D76BBEE000F4F45 /* ShareView.m in Sources */,
				241F16FF1CB65C0900EADF63 /* JokeContentResponse.m in Sources */,
				242F96671CB3BF840053FDB8 /* WJAFNetAPIClient.m in Sources */,
				242F96621CB3BD150053FDB8 /* JBaseVC.m in Sources */,
				242F96701CB3C02D0053FDB8 /* WJBaseModel.m in Sources */,
				24FB3C781CF573F100B0144D /* WXArticleCell.m in Sources */,
				242F966C1CB3BFF00053FDB8 /* WJDataRequest.m in Sources */,
				2468C45A1CB34CA2005A10BF /* main.m in Sources */,
			);
			runOnlyForDeploymentPostprocessing = 0;
		};
		2468C46A1CB34CA2005A10BF /* Sources */ = {
			isa = PBXSourcesBuildPhase;
			buildActionMask = 2147483647;
			files = (
				2468C4731CB34CA2005A10BF /* JokeTests.m in Sources */,
			);
			runOnlyForDeploymentPostprocessing = 0;
		};
		2468C4751CB34CA2005A10BF /* Sources */ = {
			isa = PBXSourcesBuildPhase;
			buildActionMask = 2147483647;
			files = (
				2468C47E1CB34CA2005A10BF /* JokeUITests.m in Sources */,
			);
			runOnlyForDeploymentPostprocessing = 0;
		};
/* End PBXSourcesBuildPhase section */

/* Begin PBXTargetDependency section */
		2468C4701CB34CA2005A10BF /* PBXTargetDependency */ = {
			isa = PBXTargetDependency;
			target = 2468C4541CB34CA2005A10BF /* Joke */;
			targetProxy = 2468C46F1CB34CA2005A10BF /* PBXContainerItemProxy */;
		};
		2468C47B1CB34CA2005A10BF /* PBXTargetDependency */ = {
			isa = PBXTargetDependency;
			target = 2468C4541CB34CA2005A10BF /* Joke */;
			targetProxy = 2468C47A1CB34CA2005A10BF /* PBXContainerItemProxy */;
		};
/* End PBXTargetDependency section */

/* Begin PBXVariantGroup section */
		24123FA61D07F65000E96B55 /* ShareSDKLocalizable.strings */ = {
			isa = PBXVariantGroup;
			children = (
				24123FA71D07F65000E96B55 /* en */,
				24123FAB1D07F65000E96B55 /* zh-Hans */,
			);
			name = ShareSDKLocalizable.strings;
			sourceTree = "<group>";
		};
		2468C4611CB34CA2005A10BF /* Main.storyboard */ = {
			isa = PBXVariantGroup;
			children = (
				2468C4621CB34CA2005A10BF /* Base */,
			);
			name = Main.storyboard;
			sourceTree = "<group>";
		};
		2468C4661CB34CA2005A10BF /* LaunchScreen.storyboard */ = {
			isa = PBXVariantGroup;
			children = (
				2468C4671CB34CA2005A10BF /* Base */,
			);
			name = LaunchScreen.storyboard;
			sourceTree = "<group>";
		};
/* End PBXVariantGroup section */

/* Begin XCBuildConfiguration section */
		2468C4801CB34CA2005A10BF /* Debug */ = {
			isa = XCBuildConfiguration;
			buildSettings = {
				ALWAYS_SEARCH_USER_PATHS = NO;
				CLANG_CXX_LANGUAGE_STANDARD = "gnu++0x";
				CLANG_CXX_LIBRARY = "libc++";
				CLANG_ENABLE_MODULES = YES;
				CLANG_ENABLE_OBJC_ARC = YES;
				CLANG_WARN_BOOL_CONVERSION = YES;
				CLANG_WARN_CONSTANT_CONVERSION = YES;
				CLANG_WARN_DIRECT_OBJC_ISA_USAGE = YES_ERROR;
				CLANG_WARN_EMPTY_BODY = YES;
				CLANG_WARN_ENUM_CONVERSION = YES;
				CLANG_WARN_INT_CONVERSION = YES;
				CLANG_WARN_OBJC_ROOT_CLASS = YES_ERROR;
				CLANG_WARN_UNREACHABLE_CODE = YES;
				CLANG_WARN__DUPLICATE_METHOD_MATCH = YES;
				"CODE_SIGN_IDENTITY[sdk=iphoneos*]" = "iPhone Developer";
				COPY_PHASE_STRIP = NO;
				DEBUG_INFORMATION_FORMAT = dwarf;
				ENABLE_STRICT_OBJC_MSGSEND = YES;
				ENABLE_TESTABILITY = YES;
				GCC_C_LANGUAGE_STANDARD = gnu99;
				GCC_DYNAMIC_NO_PIC = NO;
				GCC_NO_COMMON_BLOCKS = YES;
				GCC_OPTIMIZATION_LEVEL = 0;
				GCC_PREPROCESSOR_DEFINITIONS = (
					"DEBUG=1",
					"$(inherited)",
				);
				GCC_WARN_64_TO_32_BIT_CONVERSION = YES;
				GCC_WARN_ABOUT_RETURN_TYPE = YES_ERROR;
				GCC_WARN_UNDECLARED_SELECTOR = YES;
				GCC_WARN_UNINITIALIZED_AUTOS = YES_AGGRESSIVE;
				GCC_WARN_UNUSED_FUNCTION = YES;
				GCC_WARN_UNUSED_VARIABLE = YES;
				IPHONEOS_DEPLOYMENT_TARGET = 9.2;
				MTL_ENABLE_DEBUG_INFO = YES;
				ONLY_ACTIVE_ARCH = YES;
				SDKROOT = iphoneos;
				TARGETED_DEVICE_FAMILY = "1,2";
			};
			name = Debug;
		};
		2468C4811CB34CA2005A10BF /* Release */ = {
			isa = XCBuildConfiguration;
			buildSettings = {
				ALWAYS_SEARCH_USER_PATHS = NO;
				CLANG_CXX_LANGUAGE_STANDARD = "gnu++0x";
				CLANG_CXX_LIBRARY = "libc++";
				CLANG_ENABLE_MODULES = YES;
				CLANG_ENABLE_OBJC_ARC = YES;
				CLANG_WARN_BOOL_CONVERSION = YES;
				CLANG_WARN_CONSTANT_CONVERSION = YES;
				CLANG_WARN_DIRECT_OBJC_ISA_USAGE = YES_ERROR;
				CLANG_WARN_EMPTY_BODY = YES;
				CLANG_WARN_ENUM_CONVERSION = YES;
				CLANG_WARN_INT_CONVERSION = YES;
				CLANG_WARN_OBJC_ROOT_CLASS = YES_ERROR;
				CLANG_WARN_UNREACHABLE_CODE = YES;
				CLANG_WARN__DUPLICATE_METHOD_MATCH = YES;
				"CODE_SIGN_IDENTITY[sdk=iphoneos*]" = "iPhone Developer";
				COPY_PHASE_STRIP = NO;
				DEBUG_INFORMATION_FORMAT = "dwarf-with-dsym";
				ENABLE_NS_ASSERTIONS = NO;
				ENABLE_STRICT_OBJC_MSGSEND = YES;
				GCC_C_LANGUAGE_STANDARD = gnu99;
				GCC_NO_COMMON_BLOCKS = YES;
				GCC_WARN_64_TO_32_BIT_CONVERSION = YES;
				GCC_WARN_ABOUT_RETURN_TYPE = YES_ERROR;
				GCC_WARN_UNDECLARED_SELECTOR = YES;
				GCC_WARN_UNINITIALIZED_AUTOS = YES_AGGRESSIVE;
				GCC_WARN_UNUSED_FUNCTION = YES;
				GCC_WARN_UNUSED_VARIABLE = YES;
				IPHONEOS_DEPLOYMENT_TARGET = 9.2;
				MTL_ENABLE_DEBUG_INFO = NO;
				SDKROOT = iphoneos;
				TARGETED_DEVICE_FAMILY = "1,2";
				VALIDATE_PRODUCT = YES;
			};
			name = Release;
		};
		2468C4831CB34CA2005A10BF /* Debug */ = {
			isa = XCBuildConfiguration;
			baseConfigurationReference = CC4B2A5D631D7B944E964DC0 /* Pods.debug.xcconfig */;
			buildSettings = {
				ASSETCATALOG_COMPILER_APPICON_NAME = AppIcon;
				ENABLE_BITCODE = NO;
				FRAMEWORK_SEARCH_PATHS = (
					"$(inherited)",
					"$(PROJECT_DIR)/Joke/ShareSDK/Connection",
					"$(PROJECT_DIR)/Joke/ShareSDK/Core",
					"$(PROJECT_DIR)/Joke/ShareSDK/Extend/QQConnectSDK",
					"$(PROJECT_DIR)/Joke/ShareSDK",
					"$(PROJECT_DIR)/Joke/ShareSDK/UI",
				);
				GCC_PREFIX_HEADER = "$(SRCROOT)/Joke/Joke_Prefix.pch";
				INFOPLIST_FILE = Joke/Info.plist;
				IPHONEOS_DEPLOYMENT_TARGET = 8.0;
				LD_RUNPATH_SEARCH_PATHS = "$(inherited) @executable_path/Frameworks";
				LIBRARY_SEARCH_PATHS = (
					"$(inherited)",
					"$(PROJECT_DIR)/Joke/ShareSDK/Extend/SinaWeiboSDK",
					"$(PROJECT_DIR)/Joke/ShareSDK/Extend/WeChatSDK",
				);
				PRODUCT_BUNDLE_IDENTIFIER = wenjuan.Joke;
				PRODUCT_NAME = "$(TARGET_NAME)";
				TARGETED_DEVICE_FAMILY = 1;
			};
			name = Debug;
		};
		2468C4841CB34CA2005A10BF /* Release */ = {
			isa = XCBuildConfiguration;
			baseConfigurationReference = 24C88A1E24300AE40F385EE7 /* Pods.release.xcconfig */;
			buildSettings = {
				ASSETCATALOG_COMPILER_APPICON_NAME = AppIcon;
				ENABLE_BITCODE = NO;
				FRAMEWORK_SEARCH_PATHS = (
					"$(inherited)",
					"$(PROJECT_DIR)/Joke/ShareSDK/Connection",
					"$(PROJECT_DIR)/Joke/ShareSDK/Core",
					"$(PROJECT_DIR)/Joke/ShareSDK/Extend/QQConnectSDK",
					"$(PROJECT_DIR)/Joke/ShareSDK",
					"$(PROJECT_DIR)/Joke/ShareSDK/UI",
				);
				GCC_PREFIX_HEADER = "$(SRCROOT)/Joke/Joke_Prefix.pch";
				INFOPLIST_FILE = Joke/Info.plist;
				IPHONEOS_DEPLOYMENT_TARGET = 8.0;
				LD_RUNPATH_SEARCH_PATHS = "$(inherited) @executable_path/Frameworks";
				LIBRARY_SEARCH_PATHS = (
					"$(inherited)",
					"$(PROJECT_DIR)/Joke/ShareSDK/Extend/SinaWeiboSDK",
					"$(PROJECT_DIR)/Joke/ShareSDK/Extend/WeChatSDK",
				);
				PRODUCT_BUNDLE_IDENTIFIER = wenjuan.Joke;
				PRODUCT_NAME = "$(TARGET_NAME)";
				TARGETED_DEVICE_FAMILY = 1;
			};
			name = Release;
		};
		2468C4861CB34CA2005A10BF /* Debug */ = {
			isa = XCBuildConfiguration;
			buildSettings = {
				BUNDLE_LOADER = "$(TEST_HOST)";
				INFOPLIST_FILE = JokeTests/Info.plist;
				LD_RUNPATH_SEARCH_PATHS = "$(inherited) @executable_path/Frameworks @loader_path/Frameworks";
				PRODUCT_BUNDLE_IDENTIFIER = wenjuan.JokeTests;
				PRODUCT_NAME = "$(TARGET_NAME)";
				TEST_HOST = "$(BUILT_PRODUCTS_DIR)/Joke.app/Joke";
			};
			name = Debug;
		};
		2468C4871CB34CA2005A10BF /* Release */ = {
			isa = XCBuildConfiguration;
			buildSettings = {
				BUNDLE_LOADER = "$(TEST_HOST)";
				INFOPLIST_FILE = JokeTests/Info.plist;
				LD_RUNPATH_SEARCH_PATHS = "$(inherited) @executable_path/Frameworks @loader_path/Frameworks";
				PRODUCT_BUNDLE_IDENTIFIER = wenjuan.JokeTests;
				PRODUCT_NAME = "$(TARGET_NAME)";
				TEST_HOST = "$(BUILT_PRODUCTS_DIR)/Joke.app/Joke";
			};
			name = Release;
		};
		2468C4891CB34CA2005A10BF /* Debug */ = {
			isa = XCBuildConfiguration;
			buildSettings = {
				INFOPLIST_FILE = JokeUITests/Info.plist;
				LD_RUNPATH_SEARCH_PATHS = "$(inherited) @executable_path/Frameworks @loader_path/Frameworks";
				PRODUCT_BUNDLE_IDENTIFIER = wenjuan.JokeUITests;
				PRODUCT_NAME = "$(TARGET_NAME)";
				TEST_TARGET_NAME = Joke;
				USES_XCTRUNNER = YES;
			};
			name = Debug;
		};
		2468C48A1CB34CA2005A10BF /* Release */ = {
			isa = XCBuildConfiguration;
			buildSettings = {
				INFOPLIST_FILE = JokeUITests/Info.plist;
				LD_RUNPATH_SEARCH_PATHS = "$(inherited) @executable_path/Frameworks @loader_path/Frameworks";
				PRODUCT_BUNDLE_IDENTIFIER = wenjuan.JokeUITests;
				PRODUCT_NAME = "$(TARGET_NAME)";
				TEST_TARGET_NAME = Joke;
				USES_XCTRUNNER = YES;
			};
			name = Release;
		};
/* End XCBuildConfiguration section */

/* Begin XCConfigurationList section */
		2468C4501CB34CA2005A10BF /* Build configuration list for PBXProject "Joke" */ = {
			isa = XCConfigurationList;
			buildConfigurations = (
				2468C4801CB34CA2005A10BF /* Debug */,
				2468C4811CB34CA2005A10BF /* Release */,
			);
			defaultConfigurationIsVisible = 0;
			defaultConfigurationName = Release;
		};
		2468C4821CB34CA2005A10BF /* Build configuration list for PBXNativeTarget "Joke" */ = {
			isa = XCConfigurationList;
			buildConfigurations = (
				2468C4831CB34CA2005A10BF /* Debug */,
				2468C4841CB34CA2005A10BF /* Release */,
			);
			defaultConfigurationIsVisible = 0;
			defaultConfigurationName = Release;
		};
		2468C4851CB34CA2005A10BF /* Build configuration list for PBXNativeTarget "JokeTests" */ = {
			isa = XCConfigurationList;
			buildConfigurations = (
				2468C4861CB34CA2005A10BF /* Debug */,
				2468C4871CB34CA2005A10BF /* Release */,
			);
			defaultConfigurationIsVisible = 0;
			defaultConfigurationName = Release;
		};
		2468C4881CB34CA2005A10BF /* Build configuration list for PBXNativeTarget "JokeUITests" */ = {
			isa = XCConfigurationList;
			buildConfigurations = (
				2468C4891CB34CA2005A10BF /* Debug */,
				2468C48A1CB34CA2005A10BF /* Release */,
			);
			defaultConfigurationIsVisible = 0;
			defaultConfigurationName = Release;
		};
/* End XCConfigurationList section */
	};
	rootObject = 2468C44D1CB34CA2005A10BF /* Project object */;
}
